github.com/fatih/color v1.9.0 h1:8xPHl4/q1VyqGIPif1F+1V3Y3lSmrq01EabUW3CoW5s=
github.com/fatih/color v1.9.0/go.mod h1:eQcE1qtQxscV5RaZvpXrrb8Drkc3/DdQ+uUYCNjL+zU=
github.com/mattn/go-colorable v0.1.4 h1:snbPLB8fVfU9iwbbo30TPtbLRzwWu6aJS6Xh4eaaviA=
github.com/mattn/go-colorable v0.1.4/go.mod h1:U0ppj6V5qS13XJ6of8GYAs25YV2eR4EVcfRqFIhoBtE=
github.com/mattn/go-isatty v0.0.8/go.mod h1:Iq45c/XA43vh69/j3iqttzPXn0bhXyGjM0Hdxcsrc5s=
github.com/mattn/go-isatty v0.0.11 h1:FxPOTFNqGkuDUGi3H/qkUbQO4ZiBa2brKq5r0l8TGeM=
github.com/mattn/go-isatty v0.0.11/go.mod h1:PhnuNfih5lzO57/f3n+odYbM4JtupLOxQOAqxQCu2WE=
github.com/mattn/go-runewidth v0.0.8 h1:3tS41NlGYSmhhe/8fhGRzc+z3AYCw1Fe1WAyLuujKs0=
github.com/mattn/go-runewidth v0.0.8/go.mod h1:H031xJmbD/WCDINGzjvQ9THkh0rPKHF+m2gUSrubnMI=
github.com/mattn/go-sqlite3 v2.0.3+incompatible h1:gXHsfypPkaMZrKbD5209QV9jbUTJKjyR5WD3HYQSd+U=
github.com/mattn/go-sqlite3 v2.0.3+incompatible/go.mod h1:FPy6KqzDD04eiIsT53CuJW3U88zkxoIYsOqkbpncsNc=
github.com/monochromegane/argen v0.0.0-20150711140148-c37112f9dc50 h1:OXJAL6OEXzSxfRGKp++/dqvtJ+iE2ngnZMnWnVlsCHs=
github.com/monochromegane/argen v0.0.0-20150711140148-c37112f9dc50/go.mod h1:gJKibhhzPqfWoh9OBPSlCKX8t6ozrdL98a5YFHsUOWU=
github.com/monochromegane/goban v0.0.0-20141019070712-284a52313eb5 h1:SRoJNf6wIoGXS+6ub99tkmScUIm9+mrRJnuXT8bhZo4=
github.com/monochromegane/goban v0.0.0-20141019070712-284a52313eb5/go.mod h1:iBGyephBWAqf9UJdCwVAB9TZTe6N9VWrHoea+08dg+I=
gocv.io/x/gocv v0.22.0 h1:pv+tcjcoW/xsaM/nfrzMK5PEEHYe2ND/LQRoyBpgjsg=
gocv.io/x/gocv v0.22.0/go.mod h1:7Ju5KbPo+R85evmlhhKPVMwXtgDRNX/PtfVfbToSrLU=
golang.org/x/sys v0.0.0-20190222072716-a9d3bda3a223/go.mod h1:STP8DvDyc/dI5b8T5hshtkjS+E42TnysNCUPdjciGhY=
golang.org/x/sys v0.0.0-20191026070338-33540a1f6037/go.mod h1:h1NjWce9XRLGQEsW7wpKNCjG9DtNlClVuFLEZdDNbEs=
golang.org/x/sys v0.0.0-20200212091648-12a6c2dcc1e4 h1:sfkvUWPNGwSV+8/fNqctR5lS2AqCSqYwXdrjCxp/dXo=
golang.org/x/sys v0.0.0-20200212091648-12a6c2dcc1e4/go.mod h1:h1NjWce9XRLGQEsW7wpKNCjG9DtNlClVuFLEZdDNbEs=
gopkg.in/cheggaaa/pb.v1 v1.0.28 h1:n1tBJnnK2r7g9OW2btFH91V92STTUevLXYFb8gy9EMk=
gopkg.in/cheggaaa/pb.v1 v1.0.28/go.mod h1:V/YB90LKu/1FcN3WVnfiiE5oMCibMjukxqG/qStrOgw=
