github.com/fatih/color v1.19.0 h1:Zp3PiM21/9Ld6FzSKyL5c/BULoe/ONr9KlbYVOfG8+w=
github.com/fatih/color v1.19.0/go.mod h1:zNk67I0ZUT1bEGsSGyCZYZNrHuTkJJB+r6Q9VuMi0LE=
github.com/mattn/go-colorable v0.1.15 h1:+u9SLTRGnXv73cEsnsmoZBom+dMU88B2M0aDcWy0/jY=
github.com/mattn/go-colorable v0.1.15/go.mod h1:6LmQG8QLFO4G5z1gPvYEzlUgJ2wF+stgPZH1UqBm1s8=
github.com/mattn/go-isatty v0.0.20 h1:xfD0iDuEKnDkl03q4limB+vH+GxLEtL/jb4xVJSWWEY=
github.com/mattn/go-isatty v0.0.20/go.mod h1:W+V8PltTTMOvKvAeJH7IuucS94S2C6jfK/D7dTCTo3Y=
github.com/mattn/go-runewidth v0.0.10 h1:CoZ3S2P7pvtP45xOtBw+/mDL2z0RKI576gSkzRRpdGg=
github.com/mattn/go-runewidth v0.0.10/go.mod h1:RAqKPSqVFrSLVXbA8x7dzmKdmGzieGRCM46jaSJTDAk=
github.com/mattn/go-sqlite3 v1.14.47 h1:jOBI62gS7nKeZv+as1oGEy0+1qISgXwH/QBlR6KbfIo=
github.com/mattn/go-sqlite3 v1.14.47/go.mod h1:6JTjA44L93a0QCyJef5YvlPoKXntQPjzWv5gtm9sB6w=
github.com/monochromegane/argen v0.0.0-20150711140148-c37112f9dc50 h1:OXJAL6OEXzSxfRGKp++/dqvtJ+iE2ngnZMnWnVlsCHs=
github.com/monochromegane/argen v0.0.0-20150711140148-c37112f9dc50/go.mod h1:gJKibhhzPqfWoh9OBPSlCKX8t6ozrdL98a5YFHsUOWU=
github.com/monochromegane/goban v0.0.0-20141019070712-284a52313eb5 h1:SRoJNf6wIoGXS+6ub99tkmScUIm9+mrRJnuXT8bhZo4=
github.com/monochromegane/goban v0.0.0-20141019070712-284a52313eb5/go.mod h1:iBGyephBWAqf9UJdCwVAB9TZTe6N9VWrHoea+08dg+I=
github.com/rivo/uniseg v0.1.0/go.mod h1:J6wj4VEh+S6ZtnVlnTBMWIodfgj8LQOQFoIToxlJtxc=
github.com/rivo/uniseg v0.2.0 h1:S1pD9weZBuJdFmowNwbpi7BJ8TNftyUImj/0WQi72jY=
github.com/rivo/uniseg v0.2.0/go.mod h1:J6wj4VEh+S6ZtnVlnTBMWIodfgj8LQOQFoIToxlJtxc=
gocv.io/x/gocv v0.38.0 h1:BBfb8zJvpybk3XIpjJFw5Xg52/EsCKxWGpRw4iVM46c=
gocv.io/x/gocv v0.38.0/go.mod h1:zYdWMj29WAEznM3Y8NsU3A0TRq/wR/cy75jeUypThqU=
golang.org/x/net v0.56.0 h1:Rw8j/hFzGvJUZwNBXnAtf5sVDVt+65SK2C7IxCxZt5o=
golang.org/x/net v0.56.0/go.mod h1:D3Ku6r+V6JROoZK144D2XfMHFcMq/0zSfLelVTCFKec=
golang.org/x/sys v0.46.0 h1:noSf2Fq6F8DBgS+LysIkx7rIExoNHJsxOAtPp4rthXw=
golang.org/x/sys v0.46.0/go.mod h1:4GL1E5IUh+htKOUEOaiffhrAeqysfVGipDYzABqnCmw=
golang.org/x/xerrors v0.0.0-20200804184101-5ec99f83aff1 h1:go1bK/D/BFZV2I8cIQd1NKEZ+0owSTG1fDTci4IqFcE=
golang.org/x/xerrors v0.0.0-20200804184101-5ec99f83aff1/go.mod h1:I/5z698sn9Ka8TeJc9MKroUUfqBBauWjQqLJ2OPfmY0=
gopkg.in/cheggaaa/pb.v1 v1.0.28 h1:n1tBJnnK2r7g9OW2btFH91V92STTUevLXYFb8gy9EMk=
gopkg.in/cheggaaa/pb.v1 v1.0.28/go.mod h1:V/YB90LKu/1FcN3WVnfiiE5oMCibMjukxqG/qStrOgw=
